// !$*UTF8*$!
{
	archiveVersion = 1;
	classes = {
	};
	objectVersion = 48;
	objects = {

/* Begin PBXBuildFile section */
		1B92399E8439D10A60368B5C /* Pods_zero.framework in Frameworks */ = {isa = PBXBuildFile; fileRef = 04E376E637256083576899D7 /* Pods_zero.framework */; };
		D307D043206A91D1009511D7 /* AppDelegate.swift in Sources */ = {isa = PBXBuildFile; fileRef = D307D042206A91D1009511D7 /* AppDelegate.swift */; };
		D307D045206A91D1009511D7 /* ViewController.swift in Sources */ = {isa = PBXBuildFile; fileRef = D307D044206A91D1009511D7 /* ViewController.swift */; };
		D307D048206A91D1009511D7 /* Main.storyboard in Resources */ = {isa = PBXBuildFile; fileRef = D307D046206A91D1009511D7 /* Main.storyboard */; };
		D307D04A206A91D1009511D7 /* Assets.xcassets in Resources */ = {isa = PBXBuildFile; fileRef = D307D049206A91D1009511D7 /* Assets.xcassets */; };
		D307D04D206A91D1009511D7 /* LaunchScreen.storyboard in Resources */ = {isa = PBXBuildFile; fileRef = D307D04B206A91D1009511D7 /* LaunchScreen.storyboard */; };
		D38F3DF7206D0AFA00BE26FE /* tableViewSection.swift in Sources */ = {isa = PBXBuildFile; fileRef = D38F3DF6206D0AFA00BE26FE /* tableViewSection.swift */; };
/* End PBXBuildFile section */

/* Begin PBXFileReference section */
		04E376E637256083576899D7 /* Pods_zero.framework */ = {isa = PBXFileReference; explicitFileType = wrapper.framework; includeInIndex = 0; path = Pods_zero.framework; sourceTree = BUILT_PRODUCTS_DIR; };
		3F01BCA60C6B44A8890CC043 /* Pods-zero.release.xcconfig */ = {isa = PBXFileReference; includeInIndex = 1; lastKnownFileType = text.xcconfig; name = "Pods-zero.release.xcconfig"; path = "Pods/Target Support Files/Pods-zero/Pods-zero.release.xcconfig"; sourceTree = "<group>"; };
		D307D03F206A91D1009511D7 /* zero.app */ = {isa = PBXFileReference; explicitFileType = wrapper.application; includeInIndex = 0; path = zero.app; sourceTree = BUILT_PRODUCTS_DIR; };
		D307D042206A91D1009511D7 /* AppDelegate.swift */ = {isa = PBXFileReference; lastKnownFileType = sourcecode.swift; path = AppDelegate.swift; sourceTree = "<group>"; };
		D307D044206A91D1009511D7 /* ViewController.swift */ = {isa = PBXFileReference; lastKnownFileType = sourcecode.swift; path = ViewController.swift; sourceTree = "<group>"; };
		D307D047206A91D1009511D7 /* Base */ = {isa = PBXFileReference; lastKnownFileType = file.storyboard; name = Base; path = Base.lproj/Main.storyboard; sourceTree = "<group>"; };
		D307D049206A91D1009511D7 /* Assets.xcassets */ = {isa = PBXFileReference; lastKnownFileType = folder.assetcatalog; path = Assets.xcassets; sourceTree = "<group>"; };
		D307D04C206A91D1009511D7 /* Base */ = {isa = PBXFileReference; lastKnownFileType = file.storyboard; name = Base; path = Base.lproj/LaunchScreen.storyboard; sourceTree = "<group>"; };
		D307D04E206A91D1009511D7 /* Info.plist */ = {isa = PBXFileReference; lastKnownFileType = text.plist.xml; path = Info.plist; sourceTree = "<group>"; };
		D38F3DF6206D0AFA00BE26FE /* tableViewSection.swift */ = {isa = PBXFileReference; lastKnownFileType = sourcecode.swift; path = tableViewSection.swift; sourceTree = "<group>"; };
		EA42C4DBFC57E20BFCB4D702 /* Pods-zero.debug.xcconfig */ = {isa = PBXFileReference; includeInIndex = 1; lastKnownFileType = text.xcconfig; name = "Pods-zero.debug.xcconfig"; path = "Pods/Target Support Files/Pods-zero/Pods-zero.debug.xcconfig"; sourceTree = "<group>"; };
/* End PBXFileReference section */

/* Begin PBXFrameworksBuildPhase section */
		D307D03C206A91D1009511D7 /* Frameworks */ = {
			isa = PBXFrameworksBuildPhase;
			buildActionMask = 2147483647;
			files = (
				1B92399E8439D10A60368B5C /* Pods_zero.framework in Frameworks */,
			);
			runOnlyForDeploymentPostprocessing = 0;
		};
/* End PBXFrameworksBuildPhase section */

/* Begin PBXGroup section */
		9F0BC9457829568E9D11D586 /* Frameworks */ = {
			isa = PBXGroup;
			children = (
				04E376E637256083576899D7 /* Pods_zero.framework */,
			);
			name = Frameworks;
			sourceTree = "<group>";
		};
		B5FCC701DEDB2CBACB784641 /* Pods */ = {
			isa = PBXGroup;
			children = (
				EA42C4DBFC57E20BFCB4D702 /* Pods-zero.debug.xcconfig */,
				3F01BCA60C6B44A8890CC043 /* Pods-zero.release.xcconfig */,
			);
			name = Pods;
			sourceTree = "<group>";
		};
		D307D036206A91D1009511D7 = {
			isa = PBXGroup;
			children = (
				D307D041206A91D1009511D7 /* zero */,
				D307D040206A91D1009511D7 /* Products */,
				B5FCC701DEDB2CBACB784641 /* Pods */,
				9F0BC9457829568E9D11D586 /* Frameworks */,
			);
			sourceTree = "<group>";
		};
		D307D040206A91D1009511D7 /* Products */ = {
			isa = PBXGroup;
			children = (
				D307D03F206A91D1009511D7 /* zero.app */,
			);
			name = Products;
			sourceTree = "<group>";
		};
		D307D041206A91D1009511D7 /* zero */ = {
			isa = PBXGroup;
			children = (
				D307D042206A91D1009511D7 /* AppDelegate.swift */,
				D307D044206A91D1009511D7 /* ViewController.swift */,
				D307D046206A91D1009511D7 /* Main.storyboard */,
				D307D049206A91D1009511D7 /* Assets.xcassets */,
				D307D04B206A91D1009511D7 /* LaunchScreen.storyboard */,
				D307D04E206A91D1009511D7 /* Info.plist */,
				D38F3DF6206D0AFA00BE26FE /* tableViewSection.swift */,
			);
			path = zero;
			sourceTree = "<group>";
		};
/* End PBXGroup section */

/* Begin PBXNativeTarget section */
		D307D03E206A91D1009511D7 /* zero */ = {
			isa = PBXNativeTarget;
			buildConfigurationList = D307D051206A91D1009511D7 /* Build configuration list for PBXNativeTarget "zero" */;
			buildPhases = (
				BE718E6A21C218D42BE2DB3A /* [CP] Check Pods Manifest.lock */,
				D307D03B206A91D1009511D7 /* Sources */,
				D307D03C206A91D1009511D7 /* Frameworks */,
				D307D03D206A91D1009511D7 /* Resources */,
				327657BF8DA0E6898BABDC58 /* [CP] Embed Pods Frameworks */,
				8B901A93277D3DD73F48AC18 /* [CP] Copy Pods Resources */,
			);
			buildRules = (
			);
			dependencies = (
			);
			name = zero;
			productName = zero;
			productReference = D307D03F206A91D1009511D7 /* zero.app */;
			productType = "com.apple.product-type.application";
		};
/* End PBXNativeTarget section */

/* Begin PBXProject section */
		D307D037206A91D1009511D7 /* Project object */ = {
			isa = PBXProject;
			attributes = {
				LastSwiftUpdateCheck = 0920;
				LastUpgradeCheck = 0920;
				ORGANIZATIONNAME = Alliants;
				TargetAttributes = {
					D307D03E206A91D1009511D7 = {
						CreatedOnToolsVersion = 9.2;
						ProvisioningStyle = Automatic;
					};
				};
			};
			buildConfigurationList = D307D03A206A91D1009511D7 /* Build configuration list for PBXProject "zero" */;
			compatibilityVersion = "Xcode 8.0";
			developmentRegion = en;
			hasScannedForEncodings = 0;
			knownRegions = (
				en,
				Base,
			);
			mainGroup = D307D036206A91D1009511D7;
			productRefGroup = D307D040206A91D1009511D7 /* Products */;
			projectDirPath = "";
			projectRoot = "";
			targets = (
				D307D03E206A91D1009511D7 /* zero */,
			);
		};
/* End PBXProject section */

/* Begin PBXResourcesBuildPhase section */
		D307D03D206A91D1009511D7 /* Resources */ = {
			isa = PBXResourcesBuildPhase;
			buildActionMask = 2147483647;
			files = (
				D307D04D206A91D1009511D7 /* LaunchScreen.storyboard in Resources */,
				D307D04A206A91D1009511D7 /* Assets.xcassets in Resources */,
				D307D048206A91D1009511D7 /* Main.storyboard in Resources */,
			);
			runOnlyForDeploymentPostprocessing = 0;
		};
/* End PBXResourcesBuildPhase section */

/* Begin PBXShellScriptBuildPhase section */
		327657BF8DA0E6898BABDC58 /* [CP] Embed Pods Frameworks */ = {
			isa = PBXShellScriptBuildPhase;
			buildActionMask = 2147483647;
			files = (
			);
			inputPaths = (
				"${SRCROOT}/Pods/Target Support Files/Pods-zero/Pods-zero-frameworks.sh",
				"${BUILT_PRODUCTS_DIR}/Differentiator/Differentiator.framework",
				"${BUILT_PRODUCTS_DIR}/RxCocoa/RxCocoa.framework",
				"${BUILT_PRODUCTS_DIR}/RxDataSources/RxDataSources.framework",
				"${BUILT_PRODUCTS_DIR}/RxSwift/RxSwift.framework",
			);
			name = "[CP] Embed Pods Frameworks";
			outputPaths = (
				"${TARGET_BUILD_DIR}/${FRAMEWORKS_FOLDER_PATH}/Differentiator.framework",
				"${TARGET_BUILD_DIR}/${FRAMEWORKS_FOLDER_PATH}/RxCocoa.framework",
				"${TARGET_BUILD_DIR}/${FRAMEWORKS_FOLDER_PATH}/RxDataSources.framework",
				"${TARGET_BUILD_DIR}/${FRAMEWORKS_FOLDER_PATH}/RxSwift.framework",
			);
			runOnlyForDeploymentPostprocessing = 0;
			shellPath = /bin/sh;
			shellScript = "\"${SRCROOT}/Pods/Target Support Files/Pods-zero/Pods-zero-frameworks.sh\"\n";
			showEnvVarsInLog = 0;
		};
		8B901A93277D3DD73F48AC18 /* [CP] Copy Pods Resources */ = {
			isa = PBXShellScriptBuildPhase;
			buildActionMask = 2147483647;
			files = (
			);
			inputPaths = (
			);
			name = "[CP] Copy Pods Resources";
			outputPaths = (
			);
			runOnlyForDeploymentPostprocessing = 0;
			shellPath = /bin/sh;
			shellScript = "\"${SRCROOT}/Pods/Target Support Files/Pods-zero/Pods-zero-resources.sh\"\n";
			showEnvVarsInLog = 0;
		};
		BE718E6A21C218D42BE2DB3A /* [CP] Check Pods Manifest.lock */ = {
			isa = PBXShellScriptBuildPhase;
			buildActionMask = 2147483647;
			files = (
			);
			inputPaths = (
				"${PODS_PODFILE_DIR_PATH}/Podfile.lock",
				"${PODS_ROOT}/Manifest.lock",
			);
			name = "[CP] Check Pods Manifest.lock";
			outputPaths = (
				"$(DERIVED_FILE_DIR)/Pods-zero-checkManifestLockResult.txt",
			);
			runOnlyForDeploymentPostprocessing = 0;
			shellPath = /bin/sh;
			shellScript = "diff \"${PODS_PODFILE_DIR_PATH}/Podfile.lock\" \"${PODS_ROOT}/Manifest.lock\" > /dev/null\nif [ $? != 0 ] ; then\n    # print error to STDERR\n    echo \"error: The sandbox is not in sync with the Podfile.lock. Run 'pod install' or update your CocoaPods installation.\" >&2\n    exit 1\nfi\n# This output is used by Xcode 'outputs' to avoid re-running this script phase.\necho \"SUCCESS\" > \"${SCRIPT_OUTPUT_FILE_0}\"\n";
			showEnvVarsInLog = 0;
		};
/* End PBXShellScriptBuildPhase section */

/* Begin PBXSourcesBuildPhase section */
		D307D03B206A91D1009511D7 /* Sources */ = {
			isa = PBXSourcesBuildPhase;
			buildActionMask = 2147483647;
			files = (
				D307D045206A91D1009511D7 /* ViewController.swift in Sources */,
				D38F3DF7206D0AFA00BE26FE /* tableViewSection.swift in Sources */,
				D307D043206A91D1009511D7 /* AppDelegate.swift in Sources */,
			);
			runOnlyForDeploymentPostprocessing = 0;
		};
/* End PBXSourcesBuildPhase section */

/* Begin PBXVariantGroup section */
		D307D046206A91D1009511D7 /* Main.storyboard */ = {
			isa = PBXVariantGroup;
			children = (
				D307D047206A91D1009511D7 /* Base */,
			);
			name = Main.storyboard;
			sourceTree = "<group>";
		};
		D307D04B206A91D1009511D7 /* LaunchScreen.storyboard */ = {
			isa = PBXVariantGroup;
			children = (
				D307D04C206A91D1009511D7 /* Base */,
			);
			name = LaunchScreen.storyboard;
			sourceTree = "<group>";
		};
/* End PBXVariantGroup section */

/* Begin XCBuildConfiguration section */
		D307D04F206A91D1009511D7 /* Debug */ = {
			isa = XCBuildConfiguration;
			buildSettings = {
				ALWAYS_SEARCH_USER_PATHS = NO;
				CLANG_ANALYZER_NONNULL = YES;
				CLANG_ANALYZER_NUMBER_OBJECT_CONVERSION = YES_AGGRESSIVE;
				CLANG_CXX_LANGUAGE_STANDARD = "gnu++14";
				CLANG_CXX_LIBRARY = "libc++";
				CLANG_ENABLE_MODULES = YES;
				CLANG_ENABLE_OBJC_ARC = YES;
				CLANG_WARN_BLOCK_CAPTURE_AUTORELEASING = YES;
				CLANG_WARN_BOOL_CONVERSION = YES;
				CLANG_WARN_COMMA = YES;
				CLANG_WARN_CONSTANT_CONVERSION = YES;
				CLANG_WARN_DIRECT_OBJC_ISA_USAGE = YES_ERROR;
				CLANG_WARN_DOCUMENTATION_COMMENTS = YES;
				CLANG_WARN_EMPTY_BODY = YES;
				CLANG_WARN_ENUM_CONVERSION = YES;
				CLANG_WARN_INFINITE_RECURSION = YES;
				CLANG_WARN_INT_CONVERSION = YES;
				CLANG_WARN_NON_LITERAL_NULL_CONVERSION = YES;
				CLANG_WARN_OBJC_LITERAL_CONVERSION = YES;
				CLANG_WARN_OBJC_ROOT_CLASS = YES_ERROR;
				CLANG_WARN_RANGE_LOOP_ANALYSIS = YES;
				CLANG_WARN_STRICT_PROTOTYPES = YES;
				CLANG_WARN_SUSPICIOUS_MOVE = YES;
				CLANG_WARN_UNGUARDED_AVAILABILITY = YES_AGGRESSIVE;
				CLANG_WARN_UNREACHABLE_CODE = YES;
				CLANG_WARN__DUPLICATE_METHOD_MATCH = YES;
				CODE_SIGN_IDENTITY = "iPhone Developer";
				COPY_PHASE_STRIP = NO;
				DEBUG_INFORMATION_FORMAT = dwarf;
				ENABLE_STRICT_OBJC_MSGSEND = YES;
				ENABLE_TESTABILITY = YES;
				GCC_C_LANGUAGE_STANDARD = gnu11;
				GCC_DYNAMIC_NO_PIC = NO;
				GCC_NO_COMMON_BLOCKS = YES;
				GCC_OPTIMIZATION_LEVEL = 0;
				GCC_PREPROCESSOR_DEFINITIONS = (
					"DEBUG=1",
					"$(inherited)",
				);
				GCC_WARN_64_TO_32_BIT_CONVERSION = YES;
				GCC_WARN_ABOUT_RETURN_TYPE = YES_ERROR;
				GCC_WARN_UNDECLARED_SELECTOR = YES;
				GCC_WARN_UNINITIALIZED_AUTOS = YES_AGGRESSIVE;
				GCC_WARN_UNUSED_FUNCTION = YES;
				GCC_WARN_UNUSED_VARIABLE = YES;
				IPHONEOS_DEPLOYMENT_TARGET = 11.2;
				MTL_ENABLE_DEBUG_INFO = YES;
				ONLY_ACTIVE_ARCH = YES;
				SDKROOT = iphoneos;
				SWIFT_ACTIVE_COMPILATION_CONDITIONS = DEBUG;
				SWIFT_OPTIMIZATION_LEVEL = "-Onone";
			};
			name = Debug;
		};
		D307D050206A91D1009511D7 /* Release */ = {
			isa = XCBuildConfiguration;
			buildSettings = {
				ALWAYS_SEARCH_USER_PATHS = NO;
				CLANG_ANALYZER_NONNULL = YES;
				CLANG_ANALYZER_NUMBER_OBJECT_CONVERSION = YES_AGGRESSIVE;
				CLANG_CXX_LANGUAGE_STANDARD = "gnu++14";
				CLANG_CXX_LIBRARY = "libc++";
				CLANG_ENABLE_MODULES = YES;
				CLANG_ENABLE_OBJC_ARC = YES;
				CLANG_WARN_BLOCK_CAPTURE_AUTORELEASING = YES;
				CLANG_WARN_BOOL_CONVERSION = YES;
				CLANG_WARN_COMMA = YES;
				CLANG_WARN_CONSTANT_CONVERSION = YES;
				CLANG_WARN_DIRECT_OBJC_ISA_USAGE = YES_ERROR;
				CLANG_WARN_DOCUMENTATION_COMMENTS = YES;
				CLANG_WARN_EMPTY_BODY = YES;
				CLANG_WARN_ENUM_CONVERSION = YES;
				CLANG_WARN_INFINITE_RECURSION = YES;
				CLANG_WARN_INT_CONVERSION = YES;
				CLANG_WARN_NON_LITERAL_NULL_CONVERSION = YES;
				CLANG_WARN_OBJC_LITERAL_CONVERSION = YES;
				CLANG_WARN_OBJC_ROOT_CLASS = YES_ERROR;
				CLANG_WARN_RANGE_LOOP_ANALYSIS = YES;
				CLANG_WARN_STRICT_PROTOTYPES = YES;
				CLANG_WARN_SUSPICIOUS_MOVE = YES;
				CLANG_WARN_UNGUARDED_AVAILABILITY = YES_AGGRESSIVE;
				CLANG_WARN_UNREACHABLE_CODE = YES;
				CLANG_WARN__DUPLICATE_METHOD_MATCH = YES;
				CODE_SIGN_IDENTITY = "iPhone Developer";
				COPY_PHASE_STRIP = NO;
				DEBUG_INFORMATION_FORMAT = "dwarf-with-dsym";
				ENABLE_NS_ASSERTIONS = NO;
				ENABLE_STRICT_OBJC_MSGSEND = YES;
				GCC_C_LANGUAGE_STANDARD = gnu11;
				GCC_NO_COMMON_BLOCKS = YES;
				GCC_WARN_64_TO_32_BIT_CONVERSION = YES;
				GCC_WARN_ABOUT_RETURN_TYPE = YES_ERROR;
				GCC_WARN_UNDECLARED_SELECTOR = YES;
				GCC_WARN_UNINITIALIZED_AUTOS = YES_AGGRESSIVE;
				GCC_WARN_UNUSED_FUNCTION = YES;
				GCC_WARN_UNUSED_VARIABLE = YES;
				IPHONEOS_DEPLOYMENT_TARGET = 11.2;
				MTL_ENABLE_DEBUG_INFO = NO;
				SDKROOT = iphoneos;
				SWIFT_OPTIMIZATION_LEVEL = "-Owholemodule";
				VALIDATE_PRODUCT = YES;
			};
			name = Release;
		};
		D307D052206A91D1009511D7 /* Debug */ = {
			isa = XCBuildConfiguration;
			baseConfigurationReference = EA42C4DBFC57E20BFCB4D702 /* Pods-zero.debug.xcconfig */;
			buildSettings = {
				ASSETCATALOG_COMPILER_APPICON_NAME = AppIcon;
				CODE_SIGN_STYLE = Automatic;
				DEVELOPMENT_TEAM = B7RUAJ8W7Y;
				INFOPLIST_FILE = zero/Info.plist;
				LD_RUNPATH_SEARCH_PATHS = "$(inherited) @executable_path/Frameworks";
				PRODUCT_BUNDLE_IDENTIFIER = com.alliants.jin.zero;
				PRODUCT_NAME = "$(TARGET_NAME)";
				SWIFT_VERSION = 4.0;
				TARGETED_DEVICE_FAMILY = 1;
			};
			name = Debug;
		};
		D307D053206A91D1009511D7 /* Release */ = {
			isa = XCBuildConfiguration;
			baseConfigurationReference = 3F01BCA60C6B44A8890CC043 /* Pods-zero.release.xcconfig */;
			buildSettings = {
				ASSETCATALOG_COMPILER_APPICON_NAME = AppIcon;
				CODE_SIGN_STYLE = Automatic;
				DEVELOPMENT_TEAM = B7RUAJ8W7Y;
				INFOPLIST_FILE = zero/Info.plist;
				LD_RUNPATH_SEARCH_PATHS = "$(inherited) @executable_path/Frameworks";
				PRODUCT_BUNDLE_IDENTIFIER = com.alliants.jin.zero;
				PRODUCT_NAME = "$(TARGET_NAME)";
				SWIFT_VERSION = 4.0;
				TARGETED_DEVICE_FAMILY = 1;
			};
			name = Release;
		};
/* End XCBuildConfiguration section */

/* Begin XCConfigurationList section */
		D307D03A206A91D1009511D7 /* Build configuration list for PBXProject "zero" */ = {
			isa = XCConfigurationList;
			buildConfigurations = (
				D307D04F206A91D1009511D7 /* Debug */,
				D307D050206A91D1009511D7 /* Release */,
			);
			defaultConfigurationIsVisible = 0;
			defaultConfigurationName = Release;
		};
		D307D051206A91D1009511D7 /* Build configuration list for PBXNativeTarget "zero" */ = {
			isa = XCConfigurationList;
			buildConfigurations = (
				D307D052206A91D1009511D7 /* Debug */,
				D307D053206A91D1009511D7 /* Release */,
			);
			defaultConfigurationIsVisible = 0;
			defaultConfigurationName = Release;
		};
/* End XCConfigurationList section */
	};
	rootObject = D307D037206A91D1009511D7 /* Project object */;
}
